
Microsoft Visual Studio Solution File, Format Version 12.00
# Visual Studio Version 17
VisualStudioVersion = 17.6.33829.357
MinimumVisualStudioVersion = 10.0.40219.1
Project("{FAE04EC0-301F-11D3-BF4B-00C04F79EFBC}") = "TrackbarValue", "TrackbarValue.csproj", "{583A99E7-9997-4053-8C74-EFF7B560C5F1}"
EndProject
Global
	GlobalSection(SolutionConfigurationPlatforms) = preSolution
		Debug|Any CPU = Debug|Any CPU
		Release|Any CPU = Release|Any CPU
	EndGlobalSection
	GlobalSection(ProjectConfigurationPlatforms) = postSolution
		{583A99E7-9997-4053-8C74-EFF7B560C5F1}.Debug|Any CPU.ActiveCfg = Debug|Any CPU
		{583A99E7-9997-4053-8C74-EFF7B560C5F1}.Debug|Any CPU.Build.0 = Debug|Any CPU
		{583A99E7-9997-4053-8C74-EFF7B560C5F1}.Release|Any CPU.ActiveCfg = Release|Any CPU
		{583A99E7-9997-4053-8C74-EFF7B560C5F1}.Release|Any CPU.Build.0 = Release|Any CPU
	EndGlobalSection
	GlobalSection(SolutionProperties) = preSolution
		HideSolutionNode = FALSE
	EndGlobalSection
	GlobalSection(ExtensibilityGlobals) = postSolution
		SolutionGuid = {9D1CB511-037B-47BD-A734-4822053D2560}
	EndGlobalSection
EndGlobal
